<?xml version="1.0" encoding="utf-8"?>
<Project ToolsVersion="4.0" xmlns="http://schemas.microsoft.com/developer/msbuild/2003">
  <ItemGroup>
    <Filter Include="源文件">
      <UniqueIdentifier>{4FC737F1-C7A5-4376-A066-2A32D752A2FF}</UniqueIdentifier>
      <Extensions>cpp;c;cc;cxx;c++;cppm;ixx;def;odl;idl;hpj;bat;asm;asmx</Extensions>
    </Filter>
    <Filter Include="头文件">
      <UniqueIdentifier>{93995380-89BD-4b04-88EB-625FBE52EBFB}</UniqueIdentifier>
      <Extensions>h;hh;hpp;hxx;h++;hm;inl;inc;ipp;xsd</Extensions>
    </Filter>
    <Filter Include="资源文件">
      <UniqueIdentifier>{67DA6AB6-F800-4c08-8B7A-83BB121AAD01}</UniqueIdentifier>
      <Extensions>rc;ico;cur;bmp;dlg;rc2;rct;bin;rgs;gif;jpg;jpeg;jpe;resx;tiff;tif;png;wav;mfcribbon-ms</Extensions>
    </Filter>
    <Filter Include="头文件\manager">
      <UniqueIdentifier>{74b17322-92e9-42cd-9a94-7e39c7646ecc}</UniqueIdentifier>
    </Filter>
    <Filter Include="头文件\enemy">
      <UniqueIdentifier>{2338cb58-d79e-4962-b0c3-f78c9c666379}</UniqueIdentifier>
    </Filter>
    <Filter Include="头文件\bullet">
      <UniqueIdentifier>{4e73c0b6-fd55-483a-8f6f-885ded85829b}</UniqueIdentifier>
    </Filter>
    <Filter Include="头文件\tower">
      <UniqueIdentifier>{af747c11-6872-4756-a861-5b0924136fc7}</UniqueIdentifier>
    </Filter>
    <Filter Include="头文件\ui">
      <UniqueIdentifier>{a09499cd-a0bd-440d-9384-53244e2ffb5a}</UniqueIdentifier>
    </Filter>
    <Filter Include="头文件\ui\panel">
      <UniqueIdentifier>{ce2b5038-98ea-42aa-9392-4b54385a8337}</UniqueIdentifier>
    </Filter>
    <Filter Include="源文件\bullet">
      <UniqueIdentifier>{54054d7a-8c34-4649-b25a-ab21ee4994de}</UniqueIdentifier>
    </Filter>
    <Filter Include="源文件\enemy">
      <UniqueIdentifier>{e96ebe7e-5148-4f6e-bf20-498d1ce028b4}</UniqueIdentifier>
    </Filter>
    <Filter Include="源文件\manager">
      <UniqueIdentifier>{e5606eef-b242-43fb-97ed-d6eeb781fc81}</UniqueIdentifier>
    </Filter>
    <Filter Include="源文件\tower">
      <UniqueIdentifier>{069c316c-381a-46a3-93e3-770aea0b1f40}</UniqueIdentifier>
    </Filter>
    <Filter Include="源文件\ui">
      <UniqueIdentifier>{30095176-748b-4d91-9dbd-3d60d8d8ca29}</UniqueIdentifier>
    </Filter>
    <Filter Include="源文件\ui\panel">
      <UniqueIdentifier>{08b6c163-17ef-4998-8f45-a8b8372c5647}</UniqueIdentifier>
    </Filter>
  </ItemGroup>
  <ItemGroup>
    <ClCompile Include="SourceFile\bullet\arrow_bullet.cpp">
      <Filter>源文件\bullet</Filter>
    </ClCompile>
    <ClCompile Include="SourceFile\bullet\axe_bullet.cpp">
      <Filter>源文件\bullet</Filter>
    </ClCompile>
    <ClCompile Include="SourceFile\bullet\bullet.cpp">
      <Filter>源文件\bullet</Filter>
    </ClCompile>
    <ClCompile Include="SourceFile\bullet\shell_bullet.cpp">
      <Filter>源文件\bullet</Filter>
    </ClCompile>
    <ClCompile Include="SourceFile\enemy\enemy.cpp">
      <Filter>源文件\enemy</Filter>
    </ClCompile>
    <ClCompile Include="SourceFile\enemy\goblin_enemy.cpp">
      <Filter>源文件\enemy</Filter>
    </ClCompile>
    <ClCompile Include="SourceFile\enemy\goblin_priest_enemy.cpp">
      <Filter>源文件\enemy</Filter>
    </ClCompile>
    <ClCompile Include="SourceFile\enemy\king_slim_enemy.cpp">
      <Filter>源文件\enemy</Filter>
    </ClCompile>
    <ClCompile Include="SourceFile\enemy\skeleton_enemy.cpp">
      <Filter>源文件\enemy</Filter>
    </ClCompile>
    <ClCompile Include="SourceFile\enemy\slim_enemy.cpp">
      <Filter>源文件\enemy</Filter>
    </ClCompile>
    <ClCompile Include="SourceFile\manager\bullet_manager.cpp">
      <Filter>源文件\manager</Filter>
    </ClCompile>
    <ClCompile Include="SourceFile\manager\coin_manager.cpp">
      <Filter>源文件\manager</Filter>
    </ClCompile>
    <ClCompile Include="SourceFile\manager\config_manager.cpp">
      <Filter>源文件\manager</Filter>
    </ClCompile>
    <ClCompile Include="SourceFile\manager\enemy_manager.cpp">
      <Filter>源文件\manager</Filter>
    </ClCompile>
    <ClCompile Include="SourceFile\manager\game_manager.cpp">
      <Filter>源文件\manager</Filter>
    </ClCompile>
    <ClCompile Include="SourceFile\manager\home_manager.cpp">
      <Filter>源文件\manager</Filter>
    </ClCompile>
    <ClCompile Include="SourceFile\manager\player_manager.cpp">
      <Filter>源文件\manager</Filter>
    </ClCompile>
    <ClCompile Include="SourceFile\manager\resources_manager.cpp">
      <Filter>源文件\manager</Filter>
    </ClCompile>
    <ClCompile Include="SourceFile\manager\tower_manager.cpp">
      <Filter>源文件\manager</Filter>
    </ClCompile>
    <ClCompile Include="SourceFile\manager\wave_manager.cpp">
      <Filter>源文件\manager</Filter>
    </ClCompile>
    <ClCompile Include="SourceFile\tower\archer_tower.cpp">
      <Filter>源文件\tower</Filter>
    </ClCompile>
    <ClCompile Include="SourceFile\tower\axeman_tower.cpp">
      <Filter>源文件\tower</Filter>
    </ClCompile>
    <ClCompile Include="SourceFile\tower\gunner_tower.cpp">
      <Filter>源文件\tower</Filter>
    </ClCompile>
    <ClCompile Include="SourceFile\tower\timer.cpp">
      <Filter>源文件\tower</Filter>
    </ClCompile>
    <ClCompile Include="SourceFile\ui\banner.cpp">
      <Filter>源文件\ui</Filter>
    </ClCompile>
    <ClCompile Include="SourceFile\ui\status_bar.cpp">
      <Filter>源文件\ui</Filter>
    </ClCompile>
    <ClCompile Include="SourceFile\ui\panel\panel.cpp">
      <Filter>源文件\ui\panel</Filter>
    </ClCompile>
    <ClCompile Include="SourceFile\ui\panel\place_panel.cpp">
      <Filter>源文件\ui\panel</Filter>
    </ClCompile>
    <ClCompile Include="SourceFile\ui\panel\upgrade_panel.cpp">
      <Filter>源文件\ui\panel</Filter>
    </ClCompile>
    <ClCompile Include="SourceFile\animation.cpp">
      <Filter>源文件</Filter>
    </ClCompile>
    <ClCompile Include="SourceFile\coin_prop.cpp">
      <Filter>源文件</Filter>
    </ClCompile>
    <ClCompile Include="SourceFile\main.cpp">
      <Filter>源文件</Filter>
    </ClCompile>
    <ClCompile Include="SourceFile\map.cpp">
      <Filter>源文件</Filter>
    </ClCompile>
    <ClCompile Include="SourceFile\route.cpp">
      <Filter>源文件</Filter>
    </ClCompile>
    <ClCompile Include="SourceFile\tower.cpp">
      <Filter>源文件</Filter>
    </ClCompile>
    <ClCompile Include="SourceFile\two_vector.cpp">
      <Filter>源文件</Filter>
    </ClCompile>
    <ClCompile Include="SourceFile\cJSON.c">
      <Filter>源文件</Filter>
    </ClCompile>
  </ItemGroup>
  <ItemGroup>
    <ClInclude Include="HeaderFile\bullet\arrow_bullet.h">
      <Filter>头文件\bullet</Filter>
    </ClInclude>
    <ClInclude Include="HeaderFile\bullet\axe_bullet.h">
      <Filter>头文件\bullet</Filter>
    </ClInclude>
    <ClInclude Include="HeaderFile\bullet\bullet.h">
      <Filter>头文件\bullet</Filter>
    </ClInclude>
    <ClInclude Include="HeaderFile\bullet\bullet_type.h">
      <Filter>头文件\bullet</Filter>
    </ClInclude>
    <ClInclude Include="HeaderFile\bullet\shell_bullet.h">
      <Filter>头文件\bullet</Filter>
    </ClInclude>
    <ClInclude Include="HeaderFile\enemy\enemy.h">
      <Filter>头文件\enemy</Filter>
    </ClInclude>
    <ClInclude Include="HeaderFile\enemy\enemy_type.h">
      <Filter>头文件\enemy</Filter>
    </ClInclude>
    <ClInclude Include="HeaderFile\enemy\goblin_enemy.h">
      <Filter>头文件\enemy</Filter>
    </ClInclude>
    <ClInclude Include="HeaderFile\enemy\goblin_priest_enemy.h">
      <Filter>头文件\enemy</Filter>
    </ClInclude>
    <ClInclude Include="HeaderFile\enemy\king_slim_enemy.h">
      <Filter>头文件\enemy</Filter>
    </ClInclude>
    <ClInclude Include="HeaderFile\enemy\skeleton_enemy.h">
      <Filter>头文件\enemy</Filter>
    </ClInclude>
    <ClInclude Include="HeaderFile\enemy\slim_enemy.h">
      <Filter>头文件\enemy</Filter>
    </ClInclude>
    <ClInclude Include="HeaderFile\manager\bullet_manager.h">
      <Filter>头文件\manager</Filter>
    </ClInclude>
    <ClInclude Include="HeaderFile\manager\coin_manager.h">
      <Filter>头文件\manager</Filter>
    </ClInclude>
    <ClInclude Include="HeaderFile\manager\config_manager.h">
      <Filter>头文件\manager</Filter>
    </ClInclude>
    <ClInclude Include="HeaderFile\manager\enemy_manager.h">
      <Filter>头文件\manager</Filter>
    </ClInclude>
    <ClInclude Include="HeaderFile\manager\game_manager.h">
      <Filter>头文件\manager</Filter>
    </ClInclude>
    <ClInclude Include="HeaderFile\manager\home_manager.h">
      <Filter>头文件\manager</Filter>
    </ClInclude>
    <ClInclude Include="HeaderFile\manager\manager.h">
      <Filter>头文件\manager</Filter>
    </ClInclude>
    <ClInclude Include="HeaderFile\manager\player_manager.h">
      <Filter>头文件\manager</Filter>
    </ClInclude>
    <ClInclude Include="HeaderFile\manager\resources_manager.h">
      <Filter>头文件\manager</Filter>
    </ClInclude>
    <ClInclude Include="HeaderFile\manager\tower_manager.h">
      <Filter>头文件\manager</Filter>
    </ClInclude>
    <ClInclude Include="HeaderFile\manager\wave_manager.h">
      <Filter>头文件\manager</Filter>
    </ClInclude>
    <ClInclude Include="HeaderFile\tower\archer_tower.h">
      <Filter>头文件\tower</Filter>
    </ClInclude>
    <ClInclude Include="HeaderFile\tower\axeman_tower.h">
      <Filter>头文件\tower</Filter>
    </ClInclude>
    <ClInclude Include="HeaderFile\tower\gunner_tower.h">
      <Filter>头文件\tower</Filter>
    </ClInclude>
    <ClInclude Include="HeaderFile\tower\timer.h">
      <Filter>头文件\tower</Filter>
    </ClInclude>
    <ClInclude Include="HeaderFile\tower\tower_type.h">
      <Filter>头文件\tower</Filter>
    </ClInclude>
    <ClInclude Include="HeaderFile\ui\banner.h">
      <Filter>头文件\ui</Filter>
    </ClInclude>
    <ClInclude Include="HeaderFile\ui\status_bar.h">
      <Filter>头文件\ui</Filter>
    </ClInclude>
    <ClInclude Include="HeaderFile\ui\panel\panel.h">
      <Filter>头文件\ui\panel</Filter>
    </ClInclude>
    <ClInclude Include="HeaderFile\ui\panel\place_panel.h">
      <Filter>头文件\ui\panel</Filter>
    </ClInclude>
    <ClInclude Include="HeaderFile\ui\panel\upgrade_panel.h">
      <Filter>头文件\ui\panel</Filter>
    </ClInclude>
    <ClInclude Include="HeaderFile\animation.h">
      <Filter>头文件</Filter>
    </ClInclude>
    <ClInclude Include="HeaderFile\coin_prop.h">
      <Filter>头文件</Filter>
    </ClInclude>
    <ClInclude Include="HeaderFile\facing.h">
      <Filter>头文件</Filter>
    </ClInclude>
    <ClInclude Include="HeaderFile\map.h">
      <Filter>头文件</Filter>
    </ClInclude>
    <ClInclude Include="HeaderFile\route.h">
      <Filter>头文件</Filter>
    </ClInclude>
    <ClInclude Include="HeaderFile\tile.h">
      <Filter>头文件</Filter>
    </ClInclude>
    <ClInclude Include="HeaderFile\tower.h">
      <Filter>头文件</Filter>
    </ClInclude>
    <ClInclude Include="HeaderFile\two_vector.h">
      <Filter>头文件</Filter>
    </ClInclude>
    <ClInclude Include="HeaderFile\wave.h">
      <Filter>头文件</Filter>
    </ClInclude>
    <ClInclude Include="HeaderFile\cJSON.h">
      <Filter>头文件</Filter>
    </ClInclude>
  </ItemGroup>
  <ItemGroup>
    <None Include="..\README.md" />
  </ItemGroup>
</Project>